// !$*UTF8*$!
{
	archiveVersion = 1;
	classes = {
	};
	objectVersion = 46;
	objects = {

/* Begin PBXBuildFile section */
		C201FC0219F0F9690075E59B /* main.m in Sources */ = {isa = PBXBuildFile; fileRef = C201FC0119F0F9690075E59B /* main.m */; };
		C201FC0519F0F9690075E59B /* AppDelegate.m in Sources */ = {isa = PBXBuildFile; fileRef = C201FC0419F0F9690075E59B /* AppDelegate.m */; };
		C201FC1C19F0F9690075E59B /* KOMContainerTests.m in Sources */ = {isa = PBXBuildFile; fileRef = C201FC1B19F0F9690075E59B /* KOMContainerTests.m */; };
		C201FC2A19F0FA790075E59B /* KOMContainer.m in Sources */ = {isa = PBXBuildFile; fileRef = C201FC2919F0FA790075E59B /* KOMContainer.m */; };
/* End PBXBuildFile section */

/* Begin PBXContainerItemProxy section */
		C201FC1619F0F9690075E59B /* PBXContainerItemProxy */ = {
			isa = PBXContainerItemProxy;
			containerPortal = C201FBF419F0F9690075E59B /* Project object */;
			proxyType = 1;
			remoteGlobalIDString = C201FBFB19F0F9690075E59B;
			remoteInfo = KOMContainer;
		};
/* End PBXContainerItemProxy section */

/* Begin PBXFileReference section */
		C201FBFC19F0F9690075E59B /* KOMContainer.app */ = {isa = PBXFileReference; explicitFileType = wrapper.application; includeInIndex = 0; path = KOMContainer.app; sourceTree = BUILT_PRODUCTS_DIR; };
		C201FC0019F0F9690075E59B /* Info.plist */ = {isa = PBXFileReference; lastKnownFileType = text.plist.xml; path = Info.plist; sourceTree = "<group>"; };
		C201FC0119F0F9690075E59B /* main.m */ = {isa = PBXFileReference; lastKnownFileType = sourcecode.c.objc; path = main.m; sourceTree = "<group>"; };
		C201FC0319F0F9690075E59B /* AppDelegate.h */ = {isa = PBXFileReference; lastKnownFileType = sourcecode.c.h; path = AppDelegate.h; sourceTree = "<group>"; };
		C201FC0419F0F9690075E59B /* AppDelegate.m */ = {isa = PBXFileReference; lastKnownFileType = sourcecode.c.objc; path = AppDelegate.m; sourceTree = "<group>"; };
		C201FC1519F0F9690075E59B /* KOMContainerTests.xctest */ = {isa = PBXFileReference; explicitFileType = wrapper.cfbundle; includeInIndex = 0; path = KOMContainerTests.xctest; sourceTree = BUILT_PRODUCTS_DIR; };
		C201FC1A19F0F9690075E59B /* Info.plist */ = {isa = PBXFileReference; lastKnownFileType = text.plist.xml; path = Info.plist; sourceTree = "<group>"; };
		C201FC1B19F0F9690075E59B /* KOMContainerTests.m */ = {isa = PBXFileReference; lastKnownFileType = sourcecode.c.objc; path = KOMContainerTests.m; sourceTree = "<group>"; };
		C201FC2819F0FA780075E59B /* KOMContainer.h */ = {isa = PBXFileReference; fileEncoding = 4; lastKnownFileType = sourcecode.c.h; path = KOMContainer.h; sourceTree = "<group>"; };
		C201FC2919F0FA790075E59B /* KOMContainer.m */ = {isa = PBXFileReference; fileEncoding = 4; lastKnownFileType = sourcecode.c.objc; path = KOMContainer.m; sourceTree = "<group>"; };
/* End PBXFileReference section */

/* Begin PBXFrameworksBuildPhase section */
		C201FBF919F0F9690075E59B /* Frameworks */ = {
			isa = PBXFrameworksBuildPhase;
			buildActionMask = 2147483647;
			files = (
			);
			runOnlyForDeploymentPostprocessing = 0;
		};
		C201FC1219F0F9690075E59B /* Frameworks */ = {
			isa = PBXFrameworksBuildPhase;
			buildActionMask = 2147483647;
			files = (
			);
			runOnlyForDeploymentPostprocessing = 0;
		};
/* End PBXFrameworksBuildPhase section */

/* Begin PBXGroup section */
		C201FBF319F0F9690075E59B = {
			isa = PBXGroup;
			children = (
				C201FBFE19F0F9690075E59B /* KOMContainer */,
				C201FC1819F0F9690075E59B /* KOMContainerTests */,
				C201FBFD19F0F9690075E59B /* Products */,
			);
			sourceTree = "<group>";
		};
		C201FBFD19F0F9690075E59B /* Products */ = {
			isa = PBXGroup;
			children = (
				C201FBFC19F0F9690075E59B /* KOMContainer.app */,
				C201FC1519F0F9690075E59B /* KOMContainerTests.xctest */,
			);
			name = Products;
			sourceTree = "<group>";
		};
		C201FBFE19F0F9690075E59B /* KOMContainer */ = {
			isa = PBXGroup;
			children = (
				C201FC2719F0FA540075E59B /* Classes */,
				C201FC0319F0F9690075E59B /* AppDelegate.h */,
				C201FC0419F0F9690075E59B /* AppDelegate.m */,
				C201FBFF19F0F9690075E59B /* Supporting Files */,
			);
			path = KOMContainer;
			sourceTree = "<group>";
		};
		C201FBFF19F0F9690075E59B /* Supporting Files */ = {
			isa = PBXGroup;
			children = (
				C201FC0019F0F9690075E59B /* Info.plist */,
				C201FC0119F0F9690075E59B /* main.m */,
			);
			name = "Supporting Files";
			sourceTree = "<group>";
		};
		C201FC1819F0F9690075E59B /* KOMContainerTests */ = {
			isa = PBXGroup;
			children = (
				C201FC1B19F0F9690075E59B /* KOMContainerTests.m */,
				C201FC1919F0F9690075E59B /* Supporting Files */,
			);
			path = KOMContainerTests;
			sourceTree = "<group>";
		};
		C201FC1919F0F9690075E59B /* Supporting Files */ = {
			isa = PBXGroup;
			children = (
				C201FC1A19F0F9690075E59B /* Info.plist */,
			);
			name = "Supporting Files";
			sourceTree = "<group>";
		};
		C201FC2719F0FA540075E59B /* Classes */ = {
			isa = PBXGroup;
			children = (
				C201FC2819F0FA780075E59B /* KOMContainer.h */,
				C201FC2919F0FA790075E59B /* KOMContainer.m */,
			);
			path = Classes;
			sourceTree = "<group>";
		};
/* End PBXGroup section */

/* Begin PBXNativeTarget section */
		C201FBFB19F0F9690075E59B /* KOMContainer */ = {
			isa = PBXNativeTarget;
			buildConfigurationList = C201FC1F19F0F9690075E59B /* Build configuration list for PBXNativeTarget "KOMContainer" */;
			buildPhases = (
				C201FBF819F0F9690075E59B /* Sources */,
				C201FBF919F0F9690075E59B /* Frameworks */,
				C201FBFA19F0F9690075E59B /* Resources */,
			);
			buildRules = (
			);
			dependencies = (
			);
			name = KOMContainer;
			productName = KOMContainer;
			productReference = C201FBFC19F0F9690075E59B /* KOMContainer.app */;
			productType = "com.apple.product-type.application";
		};
		C201FC1419F0F9690075E59B /* KOMContainerTests */ = {
			isa = PBXNativeTarget;
			buildConfigurationList = C201FC2219F0F9690075E59B /* Build configuration list for PBXNativeTarget "KOMContainerTests" */;
			buildPhases = (
				C201FC1119F0F9690075E59B /* Sources */,
				C201FC1219F0F9690075E59B /* Frameworks */,
				C201FC1319F0F9690075E59B /* Resources */,
			);
			buildRules = (
			);
			dependencies = (
				C201FC1719F0F9690075E59B /* PBXTargetDependency */,
			);
			name = KOMContainerTests;
			productName = KOMContainerTests;
			productReference = C201FC1519F0F9690075E59B /* KOMContainerTests.xctest */;
			productType = "com.apple.product-type.bundle.unit-test";
		};
/* End PBXNativeTarget section */

/* Begin PBXProject section */
		C201FBF419F0F9690075E59B /* Project object */ = {
			isa = PBXProject;
			attributes = {
				LastUpgradeCheck = 0600;
				TargetAttributes = {
					C201FBFB19F0F9690075E59B = {
						CreatedOnToolsVersion = 6.0.1;
					};
					C201FC1419F0F9690075E59B = {
						CreatedOnToolsVersion = 6.0.1;
						TestTargetID = C201FBFB19F0F9690075E59B;
					};
				};
			};
			buildConfigurationList = C201FBF719F0F9690075E59B /* Build configuration list for PBXProject "KOMContainer" */;
			compatibilityVersion = "Xcode 3.2";
			developmentRegion = English;
			hasScannedForEncodings = 0;
			knownRegions = (
				en,
				Base,
			);
			mainGroup = C201FBF319F0F9690075E59B;
			productRefGroup = C201FBFD19F0F9690075E59B /* Products */;
			projectDirPath = "";
			projectRoot = "";
			targets = (
				C201FBFB19F0F9690075E59B /* KOMContainer */,
				C201FC1419F0F9690075E59B /* KOMContainerTests */,
			);
		};
/* End PBXProject section */

/* Begin PBXResourcesBuildPhase section */
		C201FBFA19F0F9690075E59B /* Resources */ = {
			isa = PBXResourcesBuildPhase;
			buildActionMask = 2147483647;
			files = (
			);
			runOnlyForDeploymentPostprocessing = 0;
		};
		C201FC1319F0F9690075E59B /* Resources */ = {
			isa = PBXResourcesBuildPhase;
			buildActionMask = 2147483647;
			files = (
			);
			runOnlyForDeploymentPostprocessing = 0;
		};
/* End PBXResourcesBuildPhase section */

/* Begin PBXSourcesBuildPhase section */
		C201FBF819F0F9690075E59B /* Sources */ = {
			isa = PBXSourcesBuildPhase;
			buildActionMask = 2147483647;
			files = (
				C201FC2A19F0FA790075E59B /* KOMContainer.m in Sources */,
				C201FC0519F0F9690075E59B /* AppDelegate.m in Sources */,
				C201FC0219F0F9690075E59B /* main.m in Sources */,
			);
			runOnlyForDeploymentPostprocessing = 0;
		};
		C201FC1119F0F9690075E59B /* Sources */ = {
			isa = PBXSourcesBuildPhase;
			buildActionMask = 2147483647;
			files = (
				C201FC1C19F0F9690075E59B /* KOMContainerTests.m in Sources */,
			);
			runOnlyForDeploymentPostprocessing = 0;
		};
/* End PBXSourcesBuildPhase section */

/* Begin PBXTargetDependency section */
		C201FC1719F0F9690075E59B /* PBXTargetDependency */ = {
			isa = PBXTargetDependency;
			target = C201FBFB19F0F9690075E59B /* KOMContainer */;
			targetProxy = C201FC1619F0F9690075E59B /* PBXContainerItemProxy */;
		};
/* End PBXTargetDependency section */

/* Begin XCBuildConfiguration section */
		C201FC1D19F0F9690075E59B /* Debug */ = {
			isa = XCBuildConfiguration;
			buildSettings = {
				ALWAYS_SEARCH_USER_PATHS = NO;
				CLANG_CXX_LANGUAGE_STANDARD = "gnu++0x";
				CLANG_CXX_LIBRARY = "libc++";
				CLANG_ENABLE_MODULES = YES;
				CLANG_ENABLE_OBJC_ARC = YES;
				CLANG_WARN_BOOL_CONVERSION = YES;
				CLANG_WARN_CONSTANT_CONVERSION = YES;
				CLANG_WARN_DIRECT_OBJC_ISA_USAGE = YES_ERROR;
				CLANG_WARN_EMPTY_BODY = YES;
				CLANG_WARN_ENUM_CONVERSION = YES;
				CLANG_WARN_INT_CONVERSION = YES;
				CLANG_WARN_OBJC_ROOT_CLASS = YES_ERROR;
				CLANG_WARN_UNREACHABLE_CODE = YES;
				CLANG_WARN__DUPLICATE_METHOD_MATCH = YES;
				"CODE_SIGN_IDENTITY[sdk=iphoneos*]" = "iPhone Developer";
				COPY_PHASE_STRIP = NO;
				ENABLE_STRICT_OBJC_MSGSEND = YES;
				GCC_C_LANGUAGE_STANDARD = gnu99;
				GCC_DYNAMIC_NO_PIC = NO;
				GCC_OPTIMIZATION_LEVEL = 0;
				GCC_PREPROCESSOR_DEFINITIONS = (
					"DEBUG=1",
					"$(inherited)",
				);
				GCC_SYMBOLS_PRIVATE_EXTERN = NO;
				GCC_WARN_64_TO_32_BIT_CONVERSION = YES;
				GCC_WARN_ABOUT_RETURN_TYPE = YES_ERROR;
				GCC_WARN_UNDECLARED_SELECTOR = YES;
				GCC_WARN_UNINITIALIZED_AUTOS = YES_AGGRESSIVE;
				GCC_WARN_UNUSED_FUNCTION = YES;
				GCC_WARN_UNUSED_VARIABLE = YES;
				IPHONEOS_DEPLOYMENT_TARGET = 8.0;
				MTL_ENABLE_DEBUG_INFO = YES;
				ONLY_ACTIVE_ARCH = YES;
				SDKROOT = iphoneos;
			};
			name = Debug;
		};
		C201FC1E19F0F9690075E59B /* Release */ = {
			isa = XCBuildConfiguration;
			buildSettings = {
				ALWAYS_SEARCH_USER_PATHS = NO;
				CLANG_CXX_LANGUAGE_STANDARD = "gnu++0x";
				CLANG_CXX_LIBRARY = "libc++";
				CLANG_ENABLE_MODULES = YES;
				CLANG_ENABLE_OBJC_ARC = YES;
				CLANG_WARN_BOOL_CONVERSION = YES;
				CLANG_WARN_CONSTANT_CONVERSION = YES;
				CLANG_WARN_DIRECT_OBJC_ISA_USAGE = YES_ERROR;
				CLANG_WARN_EMPTY_BODY = YES;
				CLANG_WARN_ENUM_CONVERSION = YES;
				CLANG_WARN_INT_CONVERSION = YES;
				CLANG_WARN_OBJC_ROOT_CLASS = YES_ERROR;
				CLANG_WARN_UNREACHABLE_CODE = YES;
				CLANG_WARN__DUPLICATE_METHOD_MATCH = YES;
				"CODE_SIGN_IDENTITY[sdk=iphoneos*]" = "iPhone Developer";
				COPY_PHASE_STRIP = YES;
				ENABLE_NS_ASSERTIONS = NO;
				ENABLE_STRICT_OBJC_MSGSEND = YES;
				GCC_C_LANGUAGE_STANDARD = gnu99;
				GCC_WARN_64_TO_32_BIT_CONVERSION = YES;
				GCC_WARN_ABOUT_RETURN_TYPE = YES_ERROR;
				GCC_WARN_UNDECLARED_SELECTOR = YES;
				GCC_WARN_UNINITIALIZED_AUTOS = YES_AGGRESSIVE;
				GCC_WARN_UNUSED_FUNCTION = YES;
				GCC_WARN_UNUSED_VARIABLE = YES;
				IPHONEOS_DEPLOYMENT_TARGET = 8.0;
				MTL_ENABLE_DEBUG_INFO = NO;
				SDKROOT = iphoneos;
				VALIDATE_PRODUCT = YES;
			};
			name = Release;
		};
		C201FC2019F0F9690075E59B /* Debug */ = {
			isa = XCBuildConfiguration;
			buildSettings = {
				ASSETCATALOG_COMPILER_APPICON_NAME = AppIcon;
				INFOPLIST_FILE = KOMContainer/Info.plist;
				IPHONEOS_DEPLOYMENT_TARGET = 7.0;
				LD_RUNPATH_SEARCH_PATHS = "$(inherited) @executable_path/Frameworks";
				PRODUCT_NAME = "$(TARGET_NAME)";
			};
			name = Debug;
		};
		C201FC2119F0F9690075E59B /* Release */ = {
			isa = XCBuildConfiguration;
			buildSettings = {
				ASSETCATALOG_COMPILER_APPICON_NAME = AppIcon;
				INFOPLIST_FILE = KOMContainer/Info.plist;
				IPHONEOS_DEPLOYMENT_TARGET = 7.0;
				LD_RUNPATH_SEARCH_PATHS = "$(inherited) @executable_path/Frameworks";
				PRODUCT_NAME = "$(TARGET_NAME)";
			};
			name = Release;
		};
		C201FC2319F0F9690075E59B /* Debug */ = {
			isa = XCBuildConfiguration;
			buildSettings = {
				BUNDLE_LOADER = "$(TEST_HOST)";
				FRAMEWORK_SEARCH_PATHS = (
					"$(SDKROOT)/Developer/Library/Frameworks",
					"$(inherited)",
				);
				GCC_PREPROCESSOR_DEFINITIONS = (
					"DEBUG=1",
					"$(inherited)",
				);
				INFOPLIST_FILE = KOMContainerTests/Info.plist;
				LD_RUNPATH_SEARCH_PATHS = "$(inherited) @executable_path/Frameworks @loader_path/Frameworks";
				PRODUCT_NAME = "$(TARGET_NAME)";
				TEST_HOST = "$(BUILT_PRODUCTS_DIR)/KOMContainer.app/KOMContainer";
			};
			name = Debug;
		};
		C201FC2419F0F9690075E59B /* Release */ = {
			isa = XCBuildConfiguration;
			buildSettings = {
				BUNDLE_LOADER = "$(TEST_HOST)";
				FRAMEWORK_SEARCH_PATHS = (
					"$(SDKROOT)/Developer/Library/Frameworks",
					"$(inherited)",
				);
				INFOPLIST_FILE = KOMContainerTests/Info.plist;
				LD_RUNPATH_SEARCH_PATHS = "$(inherited) @executable_path/Frameworks @loader_path/Frameworks";
				PRODUCT_NAME = "$(TARGET_NAME)";
				TEST_HOST = "$(BUILT_PRODUCTS_DIR)/KOMContainer.app/KOMContainer";
			};
			name = Release;
		};
/* End XCBuildConfiguration section */

/* Begin XCConfigurationList section */
		C201FBF719F0F9690075E59B /* Build configuration list for PBXProject "KOMContainer" */ = {
			isa = XCConfigurationList;
			buildConfigurations = (
				C201FC1D19F0F9690075E59B /* Debug */,
				C201FC1E19F0F9690075E59B /* Release */,
			);
			defaultConfigurationIsVisible = 0;
			defaultConfigurationName = Release;
		};
		C201FC1F19F0F9690075E59B /* Build configuration list for PBXNativeTarget "KOMContainer" */ = {
			isa = XCConfigurationList;
			buildConfigurations = (
				C201FC2019F0F9690075E59B /* Debug */,
				C201FC2119F0F9690075E59B /* Release */,
			);
			defaultConfigurationIsVisible = 0;
		};
		C201FC2219F0F9690075E59B /* Build configuration list for PBXNativeTarget "KOMContainerTests" */ = {
			isa = XCConfigurationList;
			buildConfigurations = (
				C201FC2319F0F9690075E59B /* Debug */,
				C201FC2419F0F9690075E59B /* Release */,
			);
			defaultConfigurationIsVisible = 0;
		};
/* End XCConfigurationList section */
	};
	rootObject = C201FBF419F0F9690075E59B /* Project object */;
}
